
Microsoft Visual Studio Solution File, Format Version 12.00
# Visual Studio 15
Project("{FAE04EC0-301F-11D3-BF4B-00C04F79EFBC}") = "Assembly-CSharp", "Assembly-CSharp.csproj", "{13898F7C-4809-86E5-CDC9-F2412829FD06}"
EndProject
Project("{FAE04EC0-301F-11D3-BF4B-00C04F79EFBC}") = "Assembly-CSharp-Editor", "Assembly-CSharp-Editor.csproj", "{6D39CB77-C3BE-EB80-2D71-EA55418CD946}"
EndProject
Global
	GlobalSection(SolutionConfigurationPlatforms) = preSolution
		Debug|Any CPU = Debug|Any CPU
		Release|Any CPU = Release|Any CPU
	EndGlobalSection
	GlobalSection(ProjectConfigurationPlatforms) = postSolution
		{13898F7C-4809-86E5-CDC9-F2412829FD06}.Debug|Any CPU.ActiveCfg = Debug|Any CPU
		{13898F7C-4809-86E5-CDC9-F2412829FD06}.Debug|Any CPU.Build.0 = Debug|Any CPU
		{13898F7C-4809-86E5-CDC9-F2412829FD06}.Release|Any CPU.ActiveCfg = Release|Any CPU
		{13898F7C-4809-86E5-CDC9-F2412829FD06}.Release|Any CPU.Build.0 = Release|Any CPU
		{6D39CB77-C3BE-EB80-2D71-EA55418CD946}.Debug|Any CPU.ActiveCfg = Debug|Any CPU
		{6D39CB77-C3BE-EB80-2D71-EA55418CD946}.Debug|Any CPU.Build.0 = Debug|Any CPU
		{6D39CB77-C3BE-EB80-2D71-EA55418CD946}.Release|Any CPU.ActiveCfg = Release|Any CPU
		{6D39CB77-C3BE-EB80-2D71-EA55418CD946}.Release|Any CPU.Build.0 = Release|Any CPU
	EndGlobalSection
	GlobalSection(SolutionProperties) = preSolution
		HideSolutionNode = FALSE
	EndGlobalSection
EndGlobal
